
Microsoft Visual Studio Solution File, Format Version 12.00
# Visual Studio Version 16
VisualStudioVersion = 25.0.1706.7
MinimumVisualStudioVersion = 10.0.40219.1
Project("{FAE04EC0-301F-11D3-BF4B-00C04F79EFBC}") = "YetgenAkbankJump.BlazorDI", "YetgenAkbankJump.BlazorDI.csproj", "{E44BF3B1-1AA4-4776-B34A-96988BC05C99}"
EndProject
Global
	GlobalSection(SolutionConfigurationPlatforms) = preSolution
		Debug|Any CPU = Debug|Any CPU
		Release|Any CPU = Release|Any CPU
	EndGlobalSection
	GlobalSection(ProjectConfigurationPlatforms) = postSolution
		{E44BF3B1-1AA4-4776-B34A-96988BC05C99}.Debug|Any CPU.ActiveCfg = Debug|Any CPU
		{E44BF3B1-1AA4-4776-B34A-96988BC05C99}.Debug|Any CPU.Build.0 = Debug|Any CPU
		{E44BF3B1-1AA4-4776-B34A-96988BC05C99}.Release|Any CPU.ActiveCfg = Release|Any CPU
		{E44BF3B1-1AA4-4776-B34A-96988BC05C99}.Release|Any CPU.Build.0 = Release|Any CPU
	EndGlobalSection
	GlobalSection(SolutionProperties) = preSolution
		HideSolutionNode = FALSE
	EndGlobalSection
	GlobalSection(ExtensibilityGlobals) = postSolution
		SolutionGuid = {1B0B0F25-4DD6-4184-BA04-D83E86CED6A3}
	EndGlobalSection
EndGlobal
